
Microsoft Visual Studio Solution File, Format Version 12.00
# Visual Studio Version 17
VisualStudioVersion = 17.5.002.0
MinimumVisualStudioVersion = 10.0.40219.1
Project("{9A19103F-16F7-4668-BE54-9A1E7A4F7556}") = "typeFighter", "typeFighter.csproj", "{0142C28D-0648-4A10-A9AE-3479B450960E}"
EndProject
Global
	GlobalSection(SolutionConfigurationPlatforms) = preSolution
		Debug|Any CPU = Debug|Any CPU
		Release|Any CPU = Release|Any CPU
	EndGlobalSection
	GlobalSection(ProjectConfigurationPlatforms) = postSolution
		{0142C28D-0648-4A10-A9AE-3479B450960E}.Debug|Any CPU.ActiveCfg = Debug|Any CPU
		{0142C28D-0648-4A10-A9AE-3479B450960E}.Debug|Any CPU.Build.0 = Debug|Any CPU
		{0142C28D-0648-4A10-A9AE-3479B450960E}.Release|Any CPU.ActiveCfg = Release|Any CPU
		{0142C28D-0648-4A10-A9AE-3479B450960E}.Release|Any CPU.Build.0 = Release|Any CPU
		{A33E231B-E3FA-4445-857D-D2883FFA1DA9}.Debug|Any CPU.ActiveCfg = Debug|Any CPU
		{A33E231B-E3FA-4445-857D-D2883FFA1DA9}.Debug|Any CPU.Build.0 = Debug|Any CPU
		{A33E231B-E3FA-4445-857D-D2883FFA1DA9}.Release|Any CPU.ActiveCfg = Release|Any CPU
		{A33E231B-E3FA-4445-857D-D2883FFA1DA9}.Release|Any CPU.Build.0 = Release|Any CPU
	EndGlobalSection
	GlobalSection(SolutionProperties) = preSolution
		HideSolutionNode = FALSE
	EndGlobalSection
	GlobalSection(ExtensibilityGlobals) = postSolution
		SolutionGuid = {53EB5562-CDEC-4A04-9F81-FA57CBB6C802}
	EndGlobalSection
EndGlobal
